{
  "schemaVersion": 1,
  "repository": "https://github.com/ike-sh/remnawave-node-lite-go",
  "baseline": {
    "tag": "v1.0.2",
    "commit": "1984341771c69e6639176cfceb171d26c91b8064",
    "reportedNodeVersion": "2.7.0"
  },
  "comparison": {
    "tag": "v1.3.0",
    "tagObject": "aaa9cf5a6831feced98a614516891f8757171368",
    "commit": "db79f4bc7474149708c397125b31b3c45c93f4dc",
    "reportedNodeVersion": "3.3.2",
    "wireContractVersion": "3.2.3"
  },
  "local": {
    "reportedNodeVersion": "2.8.0",
    "dashboardWireContractVersion": "2.7.0",
    "requiredExtensions": ["auditlog", "snihealth", "tcpstats", "vnstat", "accounting"],
    "forwardingTelemetry": false
  },
  "units": [
    {
      "name": "staged-artifacts",
      "status": "accepted",
      "sourceCommit": "db79f4bc7474149708c397125b31b3c45c93f4dc",
      "localPaths": ["internal/artifact"],
      "rationale": "Port bounded HTTPS downloads and optional SHA-256 validation. Use unique private sibling staging files instead of the upstream shared .download path, and check cancellation before activation.",
      "tests": ["go test -race ./internal/artifact"]
    },
    {
      "name": "core-loader",
      "status": "accepted",
      "sourceCommit": "db79f4bc7474149708c397125b31b3c45c93f4dc",
      "localPaths": ["internal/xray/core_loader.go", "internal/xray/manager.go"],
      "rationale": "Port HTTPS/SHA-256 custom core validation and managed symlink activation. Preserve regular-file installs and retain the prior core on download/version failure. Use unique private marker/link staging and serialize start/stop lifecycle. Installer migration to managed symlinks remains pending.",
      "tests": ["go test -race ./internal/xray"]
    },
    {
      "name": "geodata",
      "status": "accepted",
      "sourceCommit": "db79f4bc7474149708c397125b31b3c45c93f4dc",
      "localPaths": ["internal/xray/geodata.go", "internal/xray/manager.go"],
      "rationale": "Port HTTPS data assets with plain-filename validation, bounded concurrency, ordered same-file fallback, and upstream empty-stub behavior. Keep the existing dashboard wire contract and local telemetry extensions.",
      "tests": ["go test -race ./internal/xray", "go test ./internal/contract"]
    },
    {
      "name": "duplicate-instance-lock",
      "status": "accepted",
      "sourceCommit": "db79f4bc7474149708c397125b31b3c45c93f4dc",
      "localPaths": ["internal/instance", "cmd/remnanode-lite/main.go"],
      "rationale": "Port the Linux abstract socket lock unchanged. Adapt startup to reject a confirmed duplicate before host-state initialization; preserve best-effort warning for other socket failures.",
      "tests": ["go test ./internal/instance", "go test ./cmd/remnanode-lite"]
    },
    {
      "name": "strict-secrets",
      "status": "accepted",
      "sourceCommit": "db79f4bc7474149708c397125b31b3c45c93f4dc",
      "localPaths": ["internal/secret/secret.go"],
      "rationale": "Port certificate validity, CA signature, node key-pair, and unambiguous PEM validation without importing private-SNI. Additionally require the JWT key to be RSA because the retained local authenticator accepts RS256 only.",
      "tests": ["go test -race ./internal/secret", "bash scripts/dashboard-secret-compat.test.sh"]
    },
    {
      "name": "private-sni-and-v3-wire-contract",
      "status": "rejected",
      "sourceCommit": "db79f4bc7474149708c397125b31b3c45c93f4dc",
      "localPaths": ["internal/secret", "internal/httpserver", "internal/version"],
      "rationale": "Requires a coordinated dashboard wire-contract upgrade; retain local mTLS and RemnaPlus extensions.",
      "tests": ["go test ./internal/contract ./internal/secret ./internal/httpserver ./internal/version"]
    }
  ],
  "pendingReview": ["prestart", "debian-installer", "managed-core-installer-migration", "transitive-fetch-pinning", "contract-sync-ci"]
}
