{
  "schemaVersion": 1,
  "repository": "https://github.com/ike-sh/remnawave-node-lite-go",
  "baseline": {
    "tag": "v1.0.2",
    "commit": "1984341771c69e6639176cfceb171d26c91b8064",
    "reportedNodeVersion": "2.7.0"
  },
  "comparison": {
    "tag": "v1.3.0",
    "tagObject": "aaa9cf5a6831feced98a614516891f8757171368",
    "commit": "db79f4bc7474149708c397125b31b3c45c93f4dc",
    "reportedNodeVersion": "3.3.2",
    "wireContractVersion": "3.2.3"
  },
  "officialContract": {
    "repository": "https://github.com/remnawave/node.git",
    "tag": "2.8.0",
    "tagObject": "444175f0e98195c7fa09852cf5fe320810c43247",
    "commit": "596f015a5c8f876dc9a9d61b6cb78d35bd8e379b",
    "packageVersion": "2.8.0"
  },
  "local": {
    "reportedNodeVersion": "2.8.0",
    "dashboardWireContractVersion": "2.7.0",
    "requiredExtensions": ["auditlog", "snihealth", "tcpstats", "vnstat", "accounting"],
    "forwardingTelemetry": false
  },
  "units": [
    {
      "name": "staged-artifacts",
      "status": "accepted",
      "sourceCommit": "db79f4bc7474149708c397125b31b3c45c93f4dc",
      "localPaths": ["internal/artifact"],
      "rationale": "Port bounded HTTPS downloads and optional SHA-256 validation. Use unique private sibling staging files instead of the upstream shared .download path, and check cancellation before activation.",
      "tests": ["go test -race ./internal/artifact"]
    },
    {
      "name": "core-loader",
      "status": "accepted",
      "sourceCommit": "db79f4bc7474149708c397125b31b3c45c93f4dc",
      "localPaths": ["internal/xray/core_loader.go", "internal/xray/manager.go"],
      "rationale": "Port HTTPS/SHA-256 custom core validation and managed symlink activation. Preserve regular-file installs and retain the prior core on download/version failure. Use unique private marker/link staging and serialize start/stop lifecycle. Native installers migrate the stock core to xray with rw-core as the managed symlink.",
      "tests": ["go test -race ./internal/xray"]
    },
    {
      "name": "geodata",
      "status": "accepted",
      "sourceCommit": "db79f4bc7474149708c397125b31b3c45c93f4dc",
      "localPaths": ["internal/xray/geodata.go", "internal/xray/manager.go"],
      "rationale": "Port HTTPS data assets with plain-filename validation, bounded concurrency, ordered same-file fallback, and upstream empty-stub behavior. Keep the existing dashboard wire contract and local telemetry extensions.",
      "tests": ["go test -race ./internal/xray", "go test ./internal/contract"]
    },
    {
      "name": "duplicate-instance-lock",
      "status": "accepted",
      "sourceCommit": "db79f4bc7474149708c397125b31b3c45c93f4dc",
      "localPaths": ["internal/instance", "cmd/remnanode-lite/main.go"],
      "rationale": "Port the Linux abstract socket lock unchanged. Adapt startup to reject a confirmed duplicate before host-state initialization; preserve best-effort warning for other socket failures.",
      "tests": ["go test ./internal/instance", "go test ./cmd/remnanode-lite"]
    },
    {
      "name": "prestart-socket-cleanup",
      "status": "accepted",
      "sourceCommit": "db79f4bc7474149708c397125b31b3c45c93f4dc",
      "localPaths": ["internal/plugin/prestart.go", "internal/plugin/schema_validate.go", "internal/plugin/state.go", "internal/xray/prestart.go", "internal/xray/manager.go"],
      "rationale": "Port the dashboard-supported preStart.cleanupSockets contract. Validate at most 64 absolute patterns, retain two explicit enable gates, cap expansion globally at 256 unique paths, and remove only filesystem entries identified as Unix sockets immediately before core spawn.",
      "tests": ["go test -race ./internal/plugin ./internal/xray", "backend node-plugins.v3-1-compatibility.spec.ts"]
    },
    {
      "name": "contract-sync-ci",
      "status": "accepted",
      "sourceCommit": "db79f4bc7474149708c397125b31b3c45c93f4dc",
      "localPaths": [".github/workflows/contract-sync.yml", "scripts/extract-contract-routes.py", "scripts/verify-contract-sync.py", "internal/contract/official-routes-2.8.0.json"],
      "rationale": "Adapt upstream's TypeScript constant expander and bind CI to the reviewed official 2.8.0 commit and route snapshot. Remove mutable main and fallback checkout behavior; a manual ref must match the reviewed lock before contract tests run.",
      "tests": ["python3 scripts/verify-contract-sync.py <official-2.8.0-checkout>", "go test ./internal/contract"]
    },
    {
      "name": "strict-secrets",
      "status": "accepted",
      "sourceCommit": "db79f4bc7474149708c397125b31b3c45c93f4dc",
      "localPaths": ["internal/secret/secret.go"],
      "rationale": "Port certificate validity, CA signature, node key-pair, and unambiguous PEM validation without importing private-SNI. Additionally require the JWT key to be RSA because the retained local authenticator accepts RS256 only.",
      "tests": ["go test -race ./internal/secret", "bash scripts/dashboard-secret-compat.test.sh"]
    },
    {
      "name": "debian-systemd-installer",
      "status": "accepted",
      "sourceCommit": "db79f4bc7474149708c397125b31b3c45c93f4dc",
      "localPaths": ["scripts/install-node.sh", "deploy/remnawave-node.service"],
      "rationale": "Adapt the upstream Debian Direct/systemd workflow to the maintained RemnaPlus binary and 2.8.0 contract. Preserve host vnStat, protected credentials, atomic binary/unit activation, rollback, and systemd-aware uninstall without importing the upstream v3 wire contract.",
      "tests": ["bash scripts/install-node-debian.test.sh", "real Debian/systemd canary required before release"]
    },
    {
      "name": "native-installer-fetch-chain",
      "status": "accepted",
      "sourceCommit": "db79f4bc7474149708c397125b31b3c45c93f4dc",
      "localPaths": ["scripts/install-node.sh", "scripts/install-node-alpine.sh", "scripts/install-node-alpine-en.sh", "scripts/install-xray.sh", "scripts/upgrade.sh", ".github/workflows/release.yml"],
      "rationale": "Replace raw sibling fetches with one digest-pinned release bundle. Chain binary hashes through the verified bundle, pin the stock Xray archives, require hashes for custom core and ASN downloads, reject traversal archives, and fail closed when bundled helpers or service units are absent.",
      "tests": ["bash scripts/install-fetch-provenance.test.sh", "bash scripts/release-assets.test.sh"]
    },
    {
      "name": "private-sni-and-v3-wire-contract",
      "status": "rejected",
      "sourceCommit": "db79f4bc7474149708c397125b31b3c45c93f4dc",
      "localPaths": ["internal/secret", "internal/httpserver", "internal/version"],
      "rationale": "Requires a coordinated dashboard wire-contract upgrade; retain local mTLS and RemnaPlus extensions.",
      "tests": ["go test ./internal/contract ./internal/secret ./internal/httpserver ./internal/version"]
    }
  ],
  "pendingReview": []
}
